// !$*UTF8*$!
{
	archiveVersion = 1;
	classes = {
	};
	objectVersion = 46;
	objects = {

/* Begin PBXBuildFile section */
		DB5ED6AD1DE9773A00534249 /* cache.cc in Sources */ = {isa = PBXBuildFile; fileRef = DB5ED69C1DE9773A00534249 /* cache.cc */; };
		DB5ED6AE1DE9773A00534249 /* decode.cpp in Sources */ = {isa = PBXBuildFile; fileRef = DB5ED69E1DE9773A00534249 /* decode.cpp */; };
		DB5ED6AF1DE9773A00534249 /* execute_F.cpp in Sources */ = {isa = PBXBuildFile; fileRef = DB5ED6A11DE9773A00534249 /* execute_F.cpp */; };
		DB5ED6B01DE9773A00534249 /* execute.cpp in Sources */ = {isa = PBXBuildFile; fileRef = DB5ED6A21DE9773A00534249 /* execute.cpp */; };
		DB5ED6B11DE9773A00534249 /* memory.cc in Sources */ = {isa = PBXBuildFile; fileRef = DB5ED6A31DE9773A00534249 /* memory.cc */; };
		DB5ED6B21DE9773A00534249 /* memory.cpp in Sources */ = {isa = PBXBuildFile; fileRef = DB5ED6A41DE9773A00534249 /* memory.cpp */; };
		DB5ED6B31DE9773A00534249 /* register.cpp in Sources */ = {isa = PBXBuildFile; fileRef = DB5ED6A71DE9773A00534249 /* register.cpp */; };
		DB5ED6B41DE9773A00534249 /* sim.cpp in Sources */ = {isa = PBXBuildFile; fileRef = DB5ED6A91DE9773A00534249 /* sim.cpp */; };
		DB5ED6B91DE98EFF00534249 /* Makefile in Sources */ = {isa = PBXBuildFile; fileRef = DB5ED6B71DE98EFF00534249 /* Makefile */; };
/* End PBXBuildFile section */

/* Begin PBXCopyFilesBuildPhase section */
		DB5ED6901DE9760800534249 /* CopyFiles */ = {
			isa = PBXCopyFilesBuildPhase;
			buildActionMask = 2147483647;
			dstPath = /usr/share/man/man1/;
			dstSubfolderSpec = 0;
			files = (
			);
			runOnlyForDeploymentPostprocessing = 1;
		};
/* End PBXCopyFilesBuildPhase section */

/* Begin PBXFileReference section */
		DB5ED6921DE9760800534249 /* sim-isa-cache */ = {isa = PBXFileReference; explicitFileType = "compiled.mach-o.executable"; includeInIndex = 0; path = "sim-isa-cache"; sourceTree = BUILT_PRODUCTS_DIR; };
		DB5ED69C1DE9773A00534249 /* cache.cc */ = {isa = PBXFileReference; fileEncoding = 4; lastKnownFileType = sourcecode.cpp.cpp; path = cache.cc; sourceTree = "<group>"; };
		DB5ED69D1DE9773A00534249 /* cache.h */ = {isa = PBXFileReference; fileEncoding = 4; lastKnownFileType = sourcecode.c.h; path = cache.h; sourceTree = "<group>"; };
		DB5ED69E1DE9773A00534249 /* decode.cpp */ = {isa = PBXFileReference; fileEncoding = 4; lastKnownFileType = sourcecode.cpp.cpp; path = decode.cpp; sourceTree = "<group>"; };
		DB5ED69F1DE9773A00534249 /* decode.hpp */ = {isa = PBXFileReference; fileEncoding = 4; lastKnownFileType = sourcecode.cpp.h; path = decode.hpp; sourceTree = "<group>"; };
		DB5ED6A01DE9773A00534249 /* def.h */ = {isa = PBXFileReference; fileEncoding = 4; lastKnownFileType = sourcecode.c.h; path = def.h; sourceTree = "<group>"; };
		DB5ED6A11DE9773A00534249 /* execute_F.cpp */ = {isa = PBXFileReference; fileEncoding = 4; lastKnownFileType = sourcecode.cpp.cpp; path = execute_F.cpp; sourceTree = "<group>"; };
		DB5ED6A21DE9773A00534249 /* execute.cpp */ = {isa = PBXFileReference; fileEncoding = 4; lastKnownFileType = sourcecode.cpp.cpp; path = execute.cpp; sourceTree = "<group>"; };
		DB5ED6A31DE9773A00534249 /* memory.cc */ = {isa = PBXFileReference; fileEncoding = 4; lastKnownFileType = sourcecode.cpp.cpp; path = memory.cc; sourceTree = "<group>"; };
		DB5ED6A41DE9773A00534249 /* memory.cpp */ = {isa = PBXFileReference; fileEncoding = 4; lastKnownFileType = sourcecode.cpp.cpp; path = memory.cpp; sourceTree = "<group>"; };
		DB5ED6A51DE9773A00534249 /* memory.h */ = {isa = PBXFileReference; fileEncoding = 4; lastKnownFileType = sourcecode.c.h; path = memory.h; sourceTree = "<group>"; };
		DB5ED6A61DE9773A00534249 /* memory.hpp */ = {isa = PBXFileReference; fileEncoding = 4; lastKnownFileType = sourcecode.cpp.h; path = memory.hpp; sourceTree = "<group>"; };
		DB5ED6A71DE9773A00534249 /* register.cpp */ = {isa = PBXFileReference; fileEncoding = 4; lastKnownFileType = sourcecode.cpp.cpp; path = register.cpp; sourceTree = "<group>"; };
		DB5ED6A81DE9773A00534249 /* register.hpp */ = {isa = PBXFileReference; fileEncoding = 4; lastKnownFileType = sourcecode.cpp.h; path = register.hpp; sourceTree = "<group>"; };
		DB5ED6A91DE9773A00534249 /* sim.cpp */ = {isa = PBXFileReference; fileEncoding = 4; lastKnownFileType = sourcecode.cpp.cpp; path = sim.cpp; sourceTree = "<group>"; };
		DB5ED6AA1DE9773A00534249 /* sim.hpp */ = {isa = PBXFileReference; fileEncoding = 4; lastKnownFileType = sourcecode.cpp.h; path = sim.hpp; sourceTree = "<group>"; };
		DB5ED6AB1DE9773A00534249 /* storage.h */ = {isa = PBXFileReference; fileEncoding = 4; lastKnownFileType = sourcecode.c.h; path = storage.h; sourceTree = "<group>"; };
		DB5ED6AC1DE9773A00534249 /* system.h */ = {isa = PBXFileReference; fileEncoding = 4; lastKnownFileType = sourcecode.c.h; path = system.h; sourceTree = "<group>"; };
		DB5ED6B71DE98EFF00534249 /* Makefile */ = {isa = PBXFileReference; fileEncoding = 4; lastKnownFileType = sourcecode.make; name = Makefile; path = "sim-isa-cache/Makefile"; sourceTree = "<group>"; };
/* End PBXFileReference section */

/* Begin PBXFrameworksBuildPhase section */
		DB5ED68F1DE9760800534249 /* Frameworks */ = {
			isa = PBXFrameworksBuildPhase;
			buildActionMask = 2147483647;
			files = (
			);
			runOnlyForDeploymentPostprocessing = 0;
		};
/* End PBXFrameworksBuildPhase section */

/* Begin PBXGroup section */
		DB5ED6891DE9760800534249 = {
			isa = PBXGroup;
			children = (
				DB5ED6B51DE98EEE00534249 /* reference */,
				DB5ED6941DE9760800534249 /* sim-isa-cache */,
				DB5ED6931DE9760800534249 /* Products */,
			);
			sourceTree = "<group>";
		};
		DB5ED6931DE9760800534249 /* Products */ = {
			isa = PBXGroup;
			children = (
				DB5ED6921DE9760800534249 /* sim-isa-cache */,
			);
			name = Products;
			sourceTree = "<group>";
		};
		DB5ED6941DE9760800534249 /* sim-isa-cache */ = {
			isa = PBXGroup;
			children = (
				DB5ED6AB1DE9773A00534249 /* storage.h */,
				DB5ED69C1DE9773A00534249 /* cache.cc */,
				DB5ED69D1DE9773A00534249 /* cache.h */,
				DB5ED6A31DE9773A00534249 /* memory.cc */,
				DB5ED6A51DE9773A00534249 /* memory.h */,
				DB5ED6A41DE9773A00534249 /* memory.cpp */,
				DB5ED6A61DE9773A00534249 /* memory.hpp */,
				DB5ED6A01DE9773A00534249 /* def.h */,
				DB5ED69E1DE9773A00534249 /* decode.cpp */,
				DB5ED69F1DE9773A00534249 /* decode.hpp */,
				DB5ED6A11DE9773A00534249 /* execute_F.cpp */,
				DB5ED6A21DE9773A00534249 /* execute.cpp */,
				DB5ED6A71DE9773A00534249 /* register.cpp */,
				DB5ED6A81DE9773A00534249 /* register.hpp */,
				DB5ED6A91DE9773A00534249 /* sim.cpp */,
				DB5ED6AA1DE9773A00534249 /* sim.hpp */,
				DB5ED6AC1DE9773A00534249 /* system.h */,
			);
			path = "sim-isa-cache";
			sourceTree = "<group>";
		};
		DB5ED6B51DE98EEE00534249 /* reference */ = {
			isa = PBXGroup;
			children = (
				DB5ED6B71DE98EFF00534249 /* Makefile */,
			);
			name = reference;
			sourceTree = "<group>";
		};
/* End PBXGroup section */

/* Begin PBXNativeTarget section */
		DB5ED6911DE9760800534249 /* sim-isa-cache */ = {
			isa = PBXNativeTarget;
			buildConfigurationList = DB5ED6991DE9760800534249 /* Build configuration list for PBXNativeTarget "sim-isa-cache" */;
			buildPhases = (
				DB5ED68E1DE9760800534249 /* Sources */,
				DB5ED68F1DE9760800534249 /* Frameworks */,
				DB5ED6901DE9760800534249 /* CopyFiles */,
			);
			buildRules = (
			);
			dependencies = (
			);
			name = "sim-isa-cache";
			productName = "sim-isa-cache";
			productReference = DB5ED6921DE9760800534249 /* sim-isa-cache */;
			productType = "com.apple.product-type.tool";
		};
/* End PBXNativeTarget section */

/* Begin PBXProject section */
		DB5ED68A1DE9760800534249 /* Project object */ = {
			isa = PBXProject;
			attributes = {
				LastUpgradeCheck = 0810;
				ORGANIZATIONNAME = "Nancy Fan";
				TargetAttributes = {
					DB5ED6911DE9760800534249 = {
						CreatedOnToolsVersion = 8.1;
						ProvisioningStyle = Automatic;
					};
				};
			};
			buildConfigurationList = DB5ED68D1DE9760800534249 /* Build configuration list for PBXProject "sim-isa-cache" */;
			compatibilityVersion = "Xcode 3.2";
			developmentRegion = English;
			hasScannedForEncodings = 0;
			knownRegions = (
				en,
			);
			mainGroup = DB5ED6891DE9760800534249;
			productRefGroup = DB5ED6931DE9760800534249 /* Products */;
			projectDirPath = "";
			projectRoot = "";
			targets = (
				DB5ED6911DE9760800534249 /* sim-isa-cache */,
			);
		};
/* End PBXProject section */

/* Begin PBXSourcesBuildPhase section */
		DB5ED68E1DE9760800534249 /* Sources */ = {
			isa = PBXSourcesBuildPhase;
			buildActionMask = 2147483647;
			files = (
				DB5ED6B91DE98EFF00534249 /* Makefile in Sources */,
				DB5ED6AD1DE9773A00534249 /* cache.cc in Sources */,
				DB5ED6B41DE9773A00534249 /* sim.cpp in Sources */,
				DB5ED6B11DE9773A00534249 /* memory.cc in Sources */,
				DB5ED6B21DE9773A00534249 /* memory.cpp in Sources */,
				DB5ED6AF1DE9773A00534249 /* execute_F.cpp in Sources */,
				DB5ED6B31DE9773A00534249 /* register.cpp in Sources */,
				DB5ED6AE1DE9773A00534249 /* decode.cpp in Sources */,
				DB5ED6B01DE9773A00534249 /* execute.cpp in Sources */,
			);
			runOnlyForDeploymentPostprocessing = 0;
		};
/* End PBXSourcesBuildPhase section */

/* Begin XCBuildConfiguration section */
		DB5ED6971DE9760800534249 /* Debug */ = {
			isa = XCBuildConfiguration;
			buildSettings = {
				ALWAYS_SEARCH_USER_PATHS = NO;
				CLANG_ANALYZER_NONNULL = YES;
				CLANG_CXX_LANGUAGE_STANDARD = "gnu++0x";
				CLANG_CXX_LIBRARY = "libc++";
				CLANG_ENABLE_MODULES = YES;
				CLANG_ENABLE_OBJC_ARC = YES;
				CLANG_WARN_BOOL_CONVERSION = YES;
				CLANG_WARN_CONSTANT_CONVERSION = YES;
				CLANG_WARN_DIRECT_OBJC_ISA_USAGE = YES_ERROR;
				CLANG_WARN_DOCUMENTATION_COMMENTS = YES;
				CLANG_WARN_EMPTY_BODY = YES;
				CLANG_WARN_ENUM_CONVERSION = YES;
				CLANG_WARN_INFINITE_RECURSION = YES;
				CLANG_WARN_INT_CONVERSION = YES;
				CLANG_WARN_OBJC_ROOT_CLASS = YES_ERROR;
				CLANG_WARN_SUSPICIOUS_MOVES = YES;
				CLANG_WARN_UNREACHABLE_CODE = YES;
				CLANG_WARN__DUPLICATE_METHOD_MATCH = YES;
				CODE_SIGN_IDENTITY = "-";
				COPY_PHASE_STRIP = NO;
				DEBUG_INFORMATION_FORMAT = dwarf;
				ENABLE_STRICT_OBJC_MSGSEND = YES;
				ENABLE_TESTABILITY = YES;
				GCC_C_LANGUAGE_STANDARD = gnu99;
				GCC_DYNAMIC_NO_PIC = NO;
				GCC_NO_COMMON_BLOCKS = YES;
				GCC_OPTIMIZATION_LEVEL = 0;
				GCC_PREPROCESSOR_DEFINITIONS = (
					"DEBUG=1",
					"$(inherited)",
				);
				GCC_WARN_64_TO_32_BIT_CONVERSION = YES;
				GCC_WARN_ABOUT_RETURN_TYPE = YES_ERROR;
				GCC_WARN_UNDECLARED_SELECTOR = YES;
				GCC_WARN_UNINITIALIZED_AUTOS = YES_AGGRESSIVE;
				GCC_WARN_UNUSED_FUNCTION = YES;
				GCC_WARN_UNUSED_VARIABLE = YES;
				MACOSX_DEPLOYMENT_TARGET = 10.11;
				MTL_ENABLE_DEBUG_INFO = YES;
				ONLY_ACTIVE_ARCH = YES;
				SDKROOT = macosx;
			};
			name = Debug;
		};
		DB5ED6981DE9760800534249 /* Release */ = {
			isa = XCBuildConfiguration;
			buildSettings = {
				ALWAYS_SEARCH_USER_PATHS = NO;
				CLANG_ANALYZER_NONNULL = YES;
				CLANG_CXX_LANGUAGE_STANDARD = "gnu++0x";
				CLANG_CXX_LIBRARY = "libc++";
				CLANG_ENABLE_MODULES = YES;
				CLANG_ENABLE_OBJC_ARC = YES;
				CLANG_WARN_BOOL_CONVERSION = YES;
				CLANG_WARN_CONSTANT_CONVERSION = YES;
				CLANG_WARN_DIRECT_OBJC_ISA_USAGE = YES_ERROR;
				CLANG_WARN_DOCUMENTATION_COMMENTS = YES;
				CLANG_WARN_EMPTY_BODY = YES;
				CLANG_WARN_ENUM_CONVERSION = YES;
				CLANG_WARN_INFINITE_RECURSION = YES;
				CLANG_WARN_INT_CONVERSION = YES;
				CLANG_WARN_OBJC_ROOT_CLASS = YES_ERROR;
				CLANG_WARN_SUSPICIOUS_MOVES = YES;
				CLANG_WARN_UNREACHABLE_CODE = YES;
				CLANG_WARN__DUPLICATE_METHOD_MATCH = YES;
				CODE_SIGN_IDENTITY = "-";
				COPY_PHASE_STRIP = NO;
				DEBUG_INFORMATION_FORMAT = "dwarf-with-dsym";
				ENABLE_NS_ASSERTIONS = NO;
				ENABLE_STRICT_OBJC_MSGSEND = YES;
				GCC_C_LANGUAGE_STANDARD = gnu99;
				GCC_NO_COMMON_BLOCKS = YES;
				GCC_WARN_64_TO_32_BIT_CONVERSION = YES;
				GCC_WARN_ABOUT_RETURN_TYPE = YES_ERROR;
				GCC_WARN_UNDECLARED_SELECTOR = YES;
				GCC_WARN_UNINITIALIZED_AUTOS = YES_AGGRESSIVE;
				GCC_WARN_UNUSED_FUNCTION = YES;
				GCC_WARN_UNUSED_VARIABLE = YES;
				MACOSX_DEPLOYMENT_TARGET = 10.11;
				MTL_ENABLE_DEBUG_INFO = NO;
				SDKROOT = macosx;
			};
			name = Release;
		};
		DB5ED69A1DE9760800534249 /* Debug */ = {
			isa = XCBuildConfiguration;
			buildSettings = {
				PRODUCT_NAME = "$(TARGET_NAME)";
			};
			name = Debug;
		};
		DB5ED69B1DE9760800534249 /* Release */ = {
			isa = XCBuildConfiguration;
			buildSettings = {
				PRODUCT_NAME = "$(TARGET_NAME)";
			};
			name = Release;
		};
/* End XCBuildConfiguration section */

/* Begin XCConfigurationList section */
		DB5ED68D1DE9760800534249 /* Build configuration list for PBXProject "sim-isa-cache" */ = {
			isa = XCConfigurationList;
			buildConfigurations = (
				DB5ED6971DE9760800534249 /* Debug */,
				DB5ED6981DE9760800534249 /* Release */,
			);
			defaultConfigurationIsVisible = 0;
			defaultConfigurationName = Release;
		};
		DB5ED6991DE9760800534249 /* Build configuration list for PBXNativeTarget "sim-isa-cache" */ = {
			isa = XCConfigurationList;
			buildConfigurations = (
				DB5ED69A1DE9760800534249 /* Debug */,
				DB5ED69B1DE9760800534249 /* Release */,
			);
			defaultConfigurationIsVisible = 0;
		};
/* End XCConfigurationList section */
	};
	rootObject = DB5ED68A1DE9760800534249 /* Project object */;
}
