// !$*UTF8*$!
{
	archiveVersion = 1;
	classes = {
	};
	objectVersion = 46;
	objects = {

/* Begin PBXBuildFile section */
		DB6D7B601DEC71AF001A4B21 /* cache.cc in Sources */ = {isa = PBXBuildFile; fileRef = DB6D7B4F1DEC71AF001A4B21 /* cache.cc */; };
		DB6D7B611DEC71AF001A4B21 /* decode.cpp in Sources */ = {isa = PBXBuildFile; fileRef = DB6D7B511DEC71AF001A4B21 /* decode.cpp */; };
		DB6D7B621DEC71AF001A4B21 /* execute_F.cpp in Sources */ = {isa = PBXBuildFile; fileRef = DB6D7B541DEC71AF001A4B21 /* execute_F.cpp */; };
		DB6D7B631DEC71AF001A4B21 /* execute.cpp in Sources */ = {isa = PBXBuildFile; fileRef = DB6D7B551DEC71AF001A4B21 /* execute.cpp */; };
		DB6D7B651DEC71AF001A4B21 /* memory.cpp in Sources */ = {isa = PBXBuildFile; fileRef = DB6D7B571DEC71AF001A4B21 /* memory.cpp */; };
		DB6D7B661DEC71AF001A4B21 /* register.cpp in Sources */ = {isa = PBXBuildFile; fileRef = DB6D7B5A1DEC71AF001A4B21 /* register.cpp */; };
		DB6D7B671DEC71AF001A4B21 /* sim.cpp in Sources */ = {isa = PBXBuildFile; fileRef = DB6D7B5C1DEC71AF001A4B21 /* sim.cpp */; };
		DB6D7B6A1DEC7317001A4B21 /* count.cpp in Sources */ = {isa = PBXBuildFile; fileRef = DB6D7B681DEC7317001A4B21 /* count.cpp */; };
		DB6D7B6D1DEC7512001A4B21 /* gdb.cpp in Sources */ = {isa = PBXBuildFile; fileRef = DB6D7B6B1DEC7512001A4B21 /* gdb.cpp */; };
/* End PBXBuildFile section */

/* Begin PBXCopyFilesBuildPhase section */
		DB6D7B431DEC7166001A4B21 /* CopyFiles */ = {
			isa = PBXCopyFilesBuildPhase;
			buildActionMask = 2147483647;
			dstPath = /usr/share/man/man1/;
			dstSubfolderSpec = 0;
			files = (
			);
			runOnlyForDeploymentPostprocessing = 1;
		};
/* End PBXCopyFilesBuildPhase section */

/* Begin PBXFileReference section */
		DB6D7B451DEC7166001A4B21 /* new-isa-cache-sim */ = {isa = PBXFileReference; explicitFileType = "compiled.mach-o.executable"; includeInIndex = 0; path = "new-isa-cache-sim"; sourceTree = BUILT_PRODUCTS_DIR; };
		DB6D7B4F1DEC71AF001A4B21 /* cache.cc */ = {isa = PBXFileReference; fileEncoding = 4; lastKnownFileType = sourcecode.cpp.cpp; path = cache.cc; sourceTree = "<group>"; };
		DB6D7B501DEC71AF001A4B21 /* cache.h */ = {isa = PBXFileReference; fileEncoding = 4; lastKnownFileType = sourcecode.c.h; path = cache.h; sourceTree = "<group>"; };
		DB6D7B511DEC71AF001A4B21 /* decode.cpp */ = {isa = PBXFileReference; fileEncoding = 4; lastKnownFileType = sourcecode.cpp.cpp; path = decode.cpp; sourceTree = "<group>"; };
		DB6D7B521DEC71AF001A4B21 /* decode.hpp */ = {isa = PBXFileReference; fileEncoding = 4; lastKnownFileType = sourcecode.cpp.h; path = decode.hpp; sourceTree = "<group>"; };
		DB6D7B541DEC71AF001A4B21 /* execute_F.cpp */ = {isa = PBXFileReference; fileEncoding = 4; lastKnownFileType = sourcecode.cpp.cpp; path = execute_F.cpp; sourceTree = "<group>"; };
		DB6D7B551DEC71AF001A4B21 /* execute.cpp */ = {isa = PBXFileReference; fileEncoding = 4; lastKnownFileType = sourcecode.cpp.cpp; path = execute.cpp; sourceTree = "<group>"; };
		DB6D7B571DEC71AF001A4B21 /* memory.cpp */ = {isa = PBXFileReference; fileEncoding = 4; lastKnownFileType = sourcecode.cpp.cpp; path = memory.cpp; sourceTree = "<group>"; };
		DB6D7B591DEC71AF001A4B21 /* memory.hpp */ = {isa = PBXFileReference; fileEncoding = 4; lastKnownFileType = sourcecode.cpp.h; path = memory.hpp; sourceTree = "<group>"; };
		DB6D7B5A1DEC71AF001A4B21 /* register.cpp */ = {isa = PBXFileReference; fileEncoding = 4; lastKnownFileType = sourcecode.cpp.cpp; path = register.cpp; sourceTree = "<group>"; };
		DB6D7B5B1DEC71AF001A4B21 /* register.hpp */ = {isa = PBXFileReference; fileEncoding = 4; lastKnownFileType = sourcecode.cpp.h; path = register.hpp; sourceTree = "<group>"; };
		DB6D7B5C1DEC71AF001A4B21 /* sim.cpp */ = {isa = PBXFileReference; fileEncoding = 4; lastKnownFileType = sourcecode.cpp.cpp; path = sim.cpp; sourceTree = "<group>"; };
		DB6D7B5D1DEC71AF001A4B21 /* sim.hpp */ = {isa = PBXFileReference; fileEncoding = 4; lastKnownFileType = sourcecode.cpp.h; path = sim.hpp; sourceTree = "<group>"; };
		DB6D7B5E1DEC71AF001A4B21 /* storage.h */ = {isa = PBXFileReference; fileEncoding = 4; lastKnownFileType = sourcecode.c.h; path = storage.h; sourceTree = "<group>"; };
		DB6D7B5F1DEC71AF001A4B21 /* system.h */ = {isa = PBXFileReference; fileEncoding = 4; lastKnownFileType = sourcecode.c.h; path = system.h; sourceTree = "<group>"; };
		DB6D7B681DEC7317001A4B21 /* count.cpp */ = {isa = PBXFileReference; fileEncoding = 4; lastKnownFileType = sourcecode.cpp.cpp; path = count.cpp; sourceTree = "<group>"; };
		DB6D7B691DEC7317001A4B21 /* count.hpp */ = {isa = PBXFileReference; fileEncoding = 4; lastKnownFileType = sourcecode.cpp.h; path = count.hpp; sourceTree = "<group>"; };
		DB6D7B6B1DEC7512001A4B21 /* gdb.cpp */ = {isa = PBXFileReference; fileEncoding = 4; lastKnownFileType = sourcecode.cpp.cpp; path = gdb.cpp; sourceTree = "<group>"; };
		DB6D7B6C1DEC7512001A4B21 /* gdb.hpp */ = {isa = PBXFileReference; fileEncoding = 4; lastKnownFileType = sourcecode.cpp.h; path = gdb.hpp; sourceTree = "<group>"; };
/* End PBXFileReference section */

/* Begin PBXFrameworksBuildPhase section */
		DB6D7B421DEC7166001A4B21 /* Frameworks */ = {
			isa = PBXFrameworksBuildPhase;
			buildActionMask = 2147483647;
			files = (
			);
			runOnlyForDeploymentPostprocessing = 0;
		};
/* End PBXFrameworksBuildPhase section */

/* Begin PBXGroup section */
		DB6D7B3C1DEC7166001A4B21 = {
			isa = PBXGroup;
			children = (
				DB6D7B471DEC7166001A4B21 /* new-isa-cache-sim */,
				DB6D7B461DEC7166001A4B21 /* Products */,
			);
			sourceTree = "<group>";
		};
		DB6D7B461DEC7166001A4B21 /* Products */ = {
			isa = PBXGroup;
			children = (
				DB6D7B451DEC7166001A4B21 /* new-isa-cache-sim */,
			);
			name = Products;
			sourceTree = "<group>";
		};
		DB6D7B471DEC7166001A4B21 /* new-isa-cache-sim */ = {
			isa = PBXGroup;
			children = (
				DB6D7B4F1DEC71AF001A4B21 /* cache.cc */,
				DB6D7B501DEC71AF001A4B21 /* cache.h */,
				DB6D7B511DEC71AF001A4B21 /* decode.cpp */,
				DB6D7B521DEC71AF001A4B21 /* decode.hpp */,
				DB6D7B541DEC71AF001A4B21 /* execute_F.cpp */,
				DB6D7B551DEC71AF001A4B21 /* execute.cpp */,
				DB6D7B571DEC71AF001A4B21 /* memory.cpp */,
				DB6D7B591DEC71AF001A4B21 /* memory.hpp */,
				DB6D7B5A1DEC71AF001A4B21 /* register.cpp */,
				DB6D7B5B1DEC71AF001A4B21 /* register.hpp */,
				DB6D7B5C1DEC71AF001A4B21 /* sim.cpp */,
				DB6D7B5D1DEC71AF001A4B21 /* sim.hpp */,
				DB6D7B5E1DEC71AF001A4B21 /* storage.h */,
				DB6D7B5F1DEC71AF001A4B21 /* system.h */,
				DB6D7B681DEC7317001A4B21 /* count.cpp */,
				DB6D7B691DEC7317001A4B21 /* count.hpp */,
				DB6D7B6B1DEC7512001A4B21 /* gdb.cpp */,
				DB6D7B6C1DEC7512001A4B21 /* gdb.hpp */,
			);
			path = "new-isa-cache-sim";
			sourceTree = "<group>";
		};
/* End PBXGroup section */

/* Begin PBXNativeTarget section */
		DB6D7B441DEC7166001A4B21 /* new-isa-cache-sim */ = {
			isa = PBXNativeTarget;
			buildConfigurationList = DB6D7B4C1DEC7166001A4B21 /* Build configuration list for PBXNativeTarget "new-isa-cache-sim" */;
			buildPhases = (
				DB6D7B411DEC7166001A4B21 /* Sources */,
				DB6D7B421DEC7166001A4B21 /* Frameworks */,
				DB6D7B431DEC7166001A4B21 /* CopyFiles */,
			);
			buildRules = (
			);
			dependencies = (
			);
			name = "new-isa-cache-sim";
			productName = "new-isa-cache-sim";
			productReference = DB6D7B451DEC7166001A4B21 /* new-isa-cache-sim */;
			productType = "com.apple.product-type.tool";
		};
/* End PBXNativeTarget section */

/* Begin PBXProject section */
		DB6D7B3D1DEC7166001A4B21 /* Project object */ = {
			isa = PBXProject;
			attributes = {
				LastUpgradeCheck = 0810;
				ORGANIZATIONNAME = "Nancy Fan";
				TargetAttributes = {
					DB6D7B441DEC7166001A4B21 = {
						CreatedOnToolsVersion = 8.1;
						ProvisioningStyle = Automatic;
					};
				};
			};
			buildConfigurationList = DB6D7B401DEC7166001A4B21 /* Build configuration list for PBXProject "new-isa-cache-sim" */;
			compatibilityVersion = "Xcode 3.2";
			developmentRegion = English;
			hasScannedForEncodings = 0;
			knownRegions = (
				en,
			);
			mainGroup = DB6D7B3C1DEC7166001A4B21;
			productRefGroup = DB6D7B461DEC7166001A4B21 /* Products */;
			projectDirPath = "";
			projectRoot = "";
			targets = (
				DB6D7B441DEC7166001A4B21 /* new-isa-cache-sim */,
			);
		};
/* End PBXProject section */

/* Begin PBXSourcesBuildPhase section */
		DB6D7B411DEC7166001A4B21 /* Sources */ = {
			isa = PBXSourcesBuildPhase;
			buildActionMask = 2147483647;
			files = (
				DB6D7B6A1DEC7317001A4B21 /* count.cpp in Sources */,
				DB6D7B601DEC71AF001A4B21 /* cache.cc in Sources */,
				DB6D7B671DEC71AF001A4B21 /* sim.cpp in Sources */,
				DB6D7B651DEC71AF001A4B21 /* memory.cpp in Sources */,
				DB6D7B6D1DEC7512001A4B21 /* gdb.cpp in Sources */,
				DB6D7B621DEC71AF001A4B21 /* execute_F.cpp in Sources */,
				DB6D7B661DEC71AF001A4B21 /* register.cpp in Sources */,
				DB6D7B611DEC71AF001A4B21 /* decode.cpp in Sources */,
				DB6D7B631DEC71AF001A4B21 /* execute.cpp in Sources */,
			);
			runOnlyForDeploymentPostprocessing = 0;
		};
/* End PBXSourcesBuildPhase section */

/* Begin XCBuildConfiguration section */
		DB6D7B4A1DEC7166001A4B21 /* Debug */ = {
			isa = XCBuildConfiguration;
			buildSettings = {
				ALWAYS_SEARCH_USER_PATHS = NO;
				CLANG_ANALYZER_NONNULL = YES;
				CLANG_CXX_LANGUAGE_STANDARD = "gnu++0x";
				CLANG_CXX_LIBRARY = "libc++";
				CLANG_ENABLE_MODULES = YES;
				CLANG_ENABLE_OBJC_ARC = YES;
				CLANG_WARN_BOOL_CONVERSION = YES;
				CLANG_WARN_CONSTANT_CONVERSION = YES;
				CLANG_WARN_DIRECT_OBJC_ISA_USAGE = YES_ERROR;
				CLANG_WARN_DOCUMENTATION_COMMENTS = YES;
				CLANG_WARN_EMPTY_BODY = YES;
				CLANG_WARN_ENUM_CONVERSION = YES;
				CLANG_WARN_INFINITE_RECURSION = YES;
				CLANG_WARN_INT_CONVERSION = YES;
				CLANG_WARN_OBJC_ROOT_CLASS = YES_ERROR;
				CLANG_WARN_SUSPICIOUS_MOVES = YES;
				CLANG_WARN_UNREACHABLE_CODE = YES;
				CLANG_WARN__DUPLICATE_METHOD_MATCH = YES;
				CODE_SIGN_IDENTITY = "-";
				COPY_PHASE_STRIP = NO;
				DEBUG_INFORMATION_FORMAT = dwarf;
				ENABLE_STRICT_OBJC_MSGSEND = YES;
				ENABLE_TESTABILITY = YES;
				GCC_C_LANGUAGE_STANDARD = gnu99;
				GCC_DYNAMIC_NO_PIC = NO;
				GCC_NO_COMMON_BLOCKS = YES;
				GCC_OPTIMIZATION_LEVEL = 0;
				GCC_PREPROCESSOR_DEFINITIONS = (
					"DEBUG=1",
					"$(inherited)",
				);
				GCC_WARN_64_TO_32_BIT_CONVERSION = YES;
				GCC_WARN_ABOUT_RETURN_TYPE = YES_ERROR;
				GCC_WARN_UNDECLARED_SELECTOR = YES;
				GCC_WARN_UNINITIALIZED_AUTOS = YES_AGGRESSIVE;
				GCC_WARN_UNUSED_FUNCTION = YES;
				GCC_WARN_UNUSED_VARIABLE = YES;
				MACOSX_DEPLOYMENT_TARGET = 10.11;
				MTL_ENABLE_DEBUG_INFO = YES;
				ONLY_ACTIVE_ARCH = YES;
				SDKROOT = macosx;
			};
			name = Debug;
		};
		DB6D7B4B1DEC7166001A4B21 /* Release */ = {
			isa = XCBuildConfiguration;
			buildSettings = {
				ALWAYS_SEARCH_USER_PATHS = NO;
				CLANG_ANALYZER_NONNULL = YES;
				CLANG_CXX_LANGUAGE_STANDARD = "gnu++0x";
				CLANG_CXX_LIBRARY = "libc++";
				CLANG_ENABLE_MODULES = YES;
				CLANG_ENABLE_OBJC_ARC = YES;
				CLANG_WARN_BOOL_CONVERSION = YES;
				CLANG_WARN_CONSTANT_CONVERSION = YES;
				CLANG_WARN_DIRECT_OBJC_ISA_USAGE = YES_ERROR;
				CLANG_WARN_DOCUMENTATION_COMMENTS = YES;
				CLANG_WARN_EMPTY_BODY = YES;
				CLANG_WARN_ENUM_CONVERSION = YES;
				CLANG_WARN_INFINITE_RECURSION = YES;
				CLANG_WARN_INT_CONVERSION = YES;
				CLANG_WARN_OBJC_ROOT_CLASS = YES_ERROR;
				CLANG_WARN_SUSPICIOUS_MOVES = YES;
				CLANG_WARN_UNREACHABLE_CODE = YES;
				CLANG_WARN__DUPLICATE_METHOD_MATCH = YES;
				CODE_SIGN_IDENTITY = "-";
				COPY_PHASE_STRIP = NO;
				DEBUG_INFORMATION_FORMAT = "dwarf-with-dsym";
				ENABLE_NS_ASSERTIONS = NO;
				ENABLE_STRICT_OBJC_MSGSEND = YES;
				GCC_C_LANGUAGE_STANDARD = gnu99;
				GCC_NO_COMMON_BLOCKS = YES;
				GCC_WARN_64_TO_32_BIT_CONVERSION = YES;
				GCC_WARN_ABOUT_RETURN_TYPE = YES_ERROR;
				GCC_WARN_UNDECLARED_SELECTOR = YES;
				GCC_WARN_UNINITIALIZED_AUTOS = YES_AGGRESSIVE;
				GCC_WARN_UNUSED_FUNCTION = YES;
				GCC_WARN_UNUSED_VARIABLE = YES;
				MACOSX_DEPLOYMENT_TARGET = 10.11;
				MTL_ENABLE_DEBUG_INFO = NO;
				SDKROOT = macosx;
			};
			name = Release;
		};
		DB6D7B4D1DEC7166001A4B21 /* Debug */ = {
			isa = XCBuildConfiguration;
			buildSettings = {
				PRODUCT_NAME = "$(TARGET_NAME)";
			};
			name = Debug;
		};
		DB6D7B4E1DEC7166001A4B21 /* Release */ = {
			isa = XCBuildConfiguration;
			buildSettings = {
				PRODUCT_NAME = "$(TARGET_NAME)";
			};
			name = Release;
		};
/* End XCBuildConfiguration section */

/* Begin XCConfigurationList section */
		DB6D7B401DEC7166001A4B21 /* Build configuration list for PBXProject "new-isa-cache-sim" */ = {
			isa = XCConfigurationList;
			buildConfigurations = (
				DB6D7B4A1DEC7166001A4B21 /* Debug */,
				DB6D7B4B1DEC7166001A4B21 /* Release */,
			);
			defaultConfigurationIsVisible = 0;
			defaultConfigurationName = Release;
		};
		DB6D7B4C1DEC7166001A4B21 /* Build configuration list for PBXNativeTarget "new-isa-cache-sim" */ = {
			isa = XCConfigurationList;
			buildConfigurations = (
				DB6D7B4D1DEC7166001A4B21 /* Debug */,
				DB6D7B4E1DEC7166001A4B21 /* Release */,
			);
			defaultConfigurationIsVisible = 0;
		};
/* End XCConfigurationList section */
	};
	rootObject = DB6D7B3D1DEC7166001A4B21 /* Project object */;
}
